
Microsoft Visual Studio Solution File, Format Version 12.00
# Visual Studio Version 17
VisualStudioVersion = 17.3.32804.467
MinimumVisualStudioVersion = 10.0.40219.1
Project("{FAE04EC0-301F-11D3-BF4B-00C04F79EFBC}") = "LDRSensorA5", "LDRSensorA5.csproj", "{516B508D-06E5-4563-B439-6E34F4AFD0FF}"
EndProject
Global
	GlobalSection(SolutionConfigurationPlatforms) = preSolution
		Debug|Any CPU = Debug|Any CPU
		Release|Any CPU = Release|Any CPU
	EndGlobalSection
	GlobalSection(ProjectConfigurationPlatforms) = postSolution
		{516B508D-06E5-4563-B439-6E34F4AFD0FF}.Debug|Any CPU.ActiveCfg = Debug|Any CPU
		{516B508D-06E5-4563-B439-6E34F4AFD0FF}.Debug|Any CPU.Build.0 = Debug|Any CPU
		{516B508D-06E5-4563-B439-6E34F4AFD0FF}.Release|Any CPU.ActiveCfg = Release|Any CPU
		{516B508D-06E5-4563-B439-6E34F4AFD0FF}.Release|Any CPU.Build.0 = Release|Any CPU
	EndGlobalSection
	GlobalSection(SolutionProperties) = preSolution
		HideSolutionNode = FALSE
	EndGlobalSection
	GlobalSection(ExtensibilityGlobals) = postSolution
		SolutionGuid = {56E7E404-D853-4F18-8CE1-CA7D3E6F4E6B}
	EndGlobalSection
EndGlobal
